PODS:
  - Capacitor (5.0.3):
    - CapacitorCordova
  - CapacitorCordova (5.0.3)
  - CapacitorPluginSafeArea (2.0.0):
    - Capacitor
  - CapacitorStatusBar (5.0.2):
    - Capacitor
  - CapawesomeCapacitorScreenOrientation (5.0.0):
    - Capacitor

DEPENDENCIES:
  - "Capacitor (from `../../node_modules/.pnpm/@capacitor+ios@5.0.3_@capacitor+core@5.0.3/node_modules/@capacitor/ios`)"
  - "CapacitorCordova (from `../../node_modules/.pnpm/@capacitor+ios@5.0.3_@capacitor+core@5.0.3/node_modules/@capacitor/ios`)"
  - "CapacitorPluginSafeArea (from `../../node_modules/.pnpm/capacitor-plugin-safe-area@2.0.0_@capacitor+core@5.0.3/node_modules/capacitor-plugin-safe-area`)"
  - "CapacitorStatusBar (from `../../node_modules/.pnpm/@capacitor+status-bar@5.0.2_@capacitor+core@5.0.3/node_modules/@capacitor/status-bar`)"
  - "CapawesomeCapacitorScreenOrientation (from `../../node_modules/.pnpm/@capawesome+capacitor-screen-orientation@5.0.0_@capacitor+core@5.0.3/node_modules/@capawesome/capacitor-screen-orientation`)"

EXTERNAL SOURCES:
  Capacitor:
    :path: "../../node_modules/.pnpm/@capacitor+ios@5.0.3_@capacitor+core@5.0.3/node_modules/@capacitor/ios"
  CapacitorCordova:
    :path: "../../node_modules/.pnpm/@capacitor+ios@5.0.3_@capacitor+core@5.0.3/node_modules/@capacitor/ios"
  CapacitorPluginSafeArea:
    :path: "../../node_modules/.pnpm/capacitor-plugin-safe-area@2.0.0_@capacitor+core@5.0.3/node_modules/capacitor-plugin-safe-area"
  CapacitorStatusBar:
    :path: "../../node_modules/.pnpm/@capacitor+status-bar@5.0.2_@capacitor+core@5.0.3/node_modules/@capacitor/status-bar"
  CapawesomeCapacitorScreenOrientation:
    :path: "../../node_modules/.pnpm/@capawesome+capacitor-screen-orientation@5.0.0_@capacitor+core@5.0.3/node_modules/@capawesome/capacitor-screen-orientation"

SPEC CHECKSUMS:
  Capacitor: 304a960e431f9e6f78556554ca71c41c1b2b9680
  CapacitorCordova: def732a63679698df6fb392bbe6d269a0b61e937
  CapacitorPluginSafeArea: 8385b05f7677aebbf0d9941f104920da53a1cd59
  CapacitorStatusBar: 48f2899f6846cc7d8431b251ebfc58e1c10e3d58
  CapawesomeCapacitorScreenOrientation: 5b7cfb76348775e4b824bf460e5c52212b94c8d1

PODFILE CHECKSUM: 7b8ca8b7f3e6d51244f9f4c8559b79fa70c17fc0

COCOAPODS: 1.12.1
